// !$*UTF8*$!
{
	archiveVersion = 1;
	classes = {
	};
	objectVersion = 46;
	objects = {

/* Begin PBXBuildFile section */
		997292E219EF19C800DAA795 /* main.m in Sources */ = {isa = PBXBuildFile; fileRef = 997292E119EF19C800DAA795 /* main.m */; };
		997292E519EF19C800DAA795 /* AppDelegate.m in Sources */ = {isa = PBXBuildFile; fileRef = 997292E419EF19C800DAA795 /* AppDelegate.m */; };
		997292E819EF19C800DAA795 /* Cruz.xcdatamodeld in Sources */ = {isa = PBXBuildFile; fileRef = 997292E619EF19C800DAA795 /* Cruz.xcdatamodeld */; };
		997292EB19EF19C800DAA795 /* ViewController.m in Sources */ = {isa = PBXBuildFile; fileRef = 997292EA19EF19C800DAA795 /* ViewController.m */; };
		997292EE19EF19C900DAA795 /* Main.storyboard in Resources */ = {isa = PBXBuildFile; fileRef = 997292EC19EF19C900DAA795 /* Main.storyboard */; };
		997292F019EF19C900DAA795 /* Images.xcassets in Resources */ = {isa = PBXBuildFile; fileRef = 997292EF19EF19C900DAA795 /* Images.xcassets */; };
		997292F319EF19C900DAA795 /* LaunchScreen.xib in Resources */ = {isa = PBXBuildFile; fileRef = 997292F119EF19C900DAA795 /* LaunchScreen.xib */; };
		997292FF19EF19C900DAA795 /* CruzTests.m in Sources */ = {isa = PBXBuildFile; fileRef = 997292FE19EF19C900DAA795 /* CruzTests.m */; };
/* End PBXBuildFile section */

/* Begin PBXContainerItemProxy section */
		997292F919EF19C900DAA795 /* PBXContainerItemProxy */ = {
			isa = PBXContainerItemProxy;
			containerPortal = 997292D419EF19C800DAA795 /* Project object */;
			proxyType = 1;
			remoteGlobalIDString = 997292DB19EF19C800DAA795;
			remoteInfo = Cruz;
		};
/* End PBXContainerItemProxy section */

/* Begin PBXFileReference section */
		997292DC19EF19C800DAA795 /* Cruz.app */ = {isa = PBXFileReference; explicitFileType = wrapper.application; includeInIndex = 0; path = Cruz.app; sourceTree = BUILT_PRODUCTS_DIR; };
		997292E019EF19C800DAA795 /* Info.plist */ = {isa = PBXFileReference; lastKnownFileType = text.plist.xml; path = Info.plist; sourceTree = "<group>"; };
		997292E119EF19C800DAA795 /* main.m */ = {isa = PBXFileReference; lastKnownFileType = sourcecode.c.objc; path = main.m; sourceTree = "<group>"; };
		997292E319EF19C800DAA795 /* AppDelegate.h */ = {isa = PBXFileReference; lastKnownFileType = sourcecode.c.h; path = AppDelegate.h; sourceTree = "<group>"; };
		997292E419EF19C800DAA795 /* AppDelegate.m */ = {isa = PBXFileReference; lastKnownFileType = sourcecode.c.objc; path = AppDelegate.m; sourceTree = "<group>"; };
		997292E719EF19C800DAA795 /* Cruz.xcdatamodel */ = {isa = PBXFileReference; lastKnownFileType = wrapper.xcdatamodel; path = Cruz.xcdatamodel; sourceTree = "<group>"; };
		997292E919EF19C800DAA795 /* ViewController.h */ = {isa = PBXFileReference; lastKnownFileType = sourcecode.c.h; path = ViewController.h; sourceTree = "<group>"; };
		997292EA19EF19C800DAA795 /* ViewController.m */ = {isa = PBXFileReference; lastKnownFileType = sourcecode.c.objc; path = ViewController.m; sourceTree = "<group>"; };
		997292ED19EF19C900DAA795 /* Base */ = {isa = PBXFileReference; lastKnownFileType = file.storyboard; name = Base; path = Base.lproj/Main.storyboard; sourceTree = "<group>"; };
		997292EF19EF19C900DAA795 /* Images.xcassets */ = {isa = PBXFileReference; lastKnownFileType = folder.assetcatalog; path = Images.xcassets; sourceTree = "<group>"; };
		997292F219EF19C900DAA795 /* Base */ = {isa = PBXFileReference; lastKnownFileType = file.xib; name = Base; path = Base.lproj/LaunchScreen.xib; sourceTree = "<group>"; };
		997292F819EF19C900DAA795 /* CruzTests.xctest */ = {isa = PBXFileReference; explicitFileType = wrapper.cfbundle; includeInIndex = 0; path = CruzTests.xctest; sourceTree = BUILT_PRODUCTS_DIR; };
		997292FD19EF19C900DAA795 /* Info.plist */ = {isa = PBXFileReference; lastKnownFileType = text.plist.xml; path = Info.plist; sourceTree = "<group>"; };
		997292FE19EF19C900DAA795 /* CruzTests.m */ = {isa = PBXFileReference; lastKnownFileType = sourcecode.c.objc; path = CruzTests.m; sourceTree = "<group>"; };
/* End PBXFileReference section */

/* Begin PBXFrameworksBuildPhase section */
		997292D919EF19C800DAA795 /* Frameworks */ = {
			isa = PBXFrameworksBuildPhase;
			buildActionMask = 2147483647;
			files = (
			);
			runOnlyForDeploymentPostprocessing = 0;
		};
		997292F519EF19C900DAA795 /* Frameworks */ = {
			isa = PBXFrameworksBuildPhase;
			buildActionMask = 2147483647;
			files = (
			);
			runOnlyForDeploymentPostprocessing = 0;
		};
/* End PBXFrameworksBuildPhase section */

/* Begin PBXGroup section */
		997292D319EF19C800DAA795 = {
			isa = PBXGroup;
			children = (
				997292DE19EF19C800DAA795 /* Cruz */,
				997292FB19EF19C900DAA795 /* CruzTests */,
				997292DD19EF19C800DAA795 /* Products */,
			);
			sourceTree = "<group>";
		};
		997292DD19EF19C800DAA795 /* Products */ = {
			isa = PBXGroup;
			children = (
				997292DC19EF19C800DAA795 /* Cruz.app */,
				997292F819EF19C900DAA795 /* CruzTests.xctest */,
			);
			name = Products;
			sourceTree = "<group>";
		};
		997292DE19EF19C800DAA795 /* Cruz */ = {
			isa = PBXGroup;
			children = (
				997292E319EF19C800DAA795 /* AppDelegate.h */,
				997292E419EF19C800DAA795 /* AppDelegate.m */,
				997292E919EF19C800DAA795 /* ViewController.h */,
				997292EA19EF19C800DAA795 /* ViewController.m */,
				997292EC19EF19C900DAA795 /* Main.storyboard */,
				997292EF19EF19C900DAA795 /* Images.xcassets */,
				997292F119EF19C900DAA795 /* LaunchScreen.xib */,
				997292E619EF19C800DAA795 /* Cruz.xcdatamodeld */,
				997292DF19EF19C800DAA795 /* Supporting Files */,
			);
			path = Cruz;
			sourceTree = "<group>";
		};
		997292DF19EF19C800DAA795 /* Supporting Files */ = {
			isa = PBXGroup;
			children = (
				997292E019EF19C800DAA795 /* Info.plist */,
				997292E119EF19C800DAA795 /* main.m */,
			);
			name = "Supporting Files";
			sourceTree = "<group>";
		};
		997292FB19EF19C900DAA795 /* CruzTests */ = {
			isa = PBXGroup;
			children = (
				997292FE19EF19C900DAA795 /* CruzTests.m */,
				997292FC19EF19C900DAA795 /* Supporting Files */,
			);
			path = CruzTests;
			sourceTree = "<group>";
		};
		997292FC19EF19C900DAA795 /* Supporting Files */ = {
			isa = PBXGroup;
			children = (
				997292FD19EF19C900DAA795 /* Info.plist */,
			);
			name = "Supporting Files";
			sourceTree = "<group>";
		};
/* End PBXGroup section */

/* Begin PBXNativeTarget section */
		997292DB19EF19C800DAA795 /* Cruz */ = {
			isa = PBXNativeTarget;
			buildConfigurationList = 9972930219EF19C900DAA795 /* Build configuration list for PBXNativeTarget "Cruz" */;
			buildPhases = (
				997292D819EF19C800DAA795 /* Sources */,
				997292D919EF19C800DAA795 /* Frameworks */,
				997292DA19EF19C800DAA795 /* Resources */,
			);
			buildRules = (
			);
			dependencies = (
			);
			name = Cruz;
			productName = Cruz;
			productReference = 997292DC19EF19C800DAA795 /* Cruz.app */;
			productType = "com.apple.product-type.application";
		};
		997292F719EF19C900DAA795 /* CruzTests */ = {
			isa = PBXNativeTarget;
			buildConfigurationList = 9972930519EF19C900DAA795 /* Build configuration list for PBXNativeTarget "CruzTests" */;
			buildPhases = (
				997292F419EF19C900DAA795 /* Sources */,
				997292F519EF19C900DAA795 /* Frameworks */,
				997292F619EF19C900DAA795 /* Resources */,
			);
			buildRules = (
			);
			dependencies = (
				997292FA19EF19C900DAA795 /* PBXTargetDependency */,
			);
			name = CruzTests;
			productName = CruzTests;
			productReference = 997292F819EF19C900DAA795 /* CruzTests.xctest */;
			productType = "com.apple.product-type.bundle.unit-test";
		};
/* End PBXNativeTarget section */

/* Begin PBXProject section */
		997292D419EF19C800DAA795 /* Project object */ = {
			isa = PBXProject;
			attributes = {
				LastUpgradeCheck = 0600;
				ORGANIZATIONNAME = "Core Tech Labs, Inc";
				TargetAttributes = {
					997292DB19EF19C800DAA795 = {
						CreatedOnToolsVersion = 6.0.1;
					};
					997292F719EF19C900DAA795 = {
						CreatedOnToolsVersion = 6.0.1;
						TestTargetID = 997292DB19EF19C800DAA795;
					};
				};
			};
			buildConfigurationList = 997292D719EF19C800DAA795 /* Build configuration list for PBXProject "Cruz" */;
			compatibilityVersion = "Xcode 3.2";
			developmentRegion = English;
			hasScannedForEncodings = 0;
			knownRegions = (
				en,
				Base,
			);
			mainGroup = 997292D319EF19C800DAA795;
			productRefGroup = 997292DD19EF19C800DAA795 /* Products */;
			projectDirPath = "";
			projectRoot = "";
			targets = (
				997292DB19EF19C800DAA795 /* Cruz */,
				997292F719EF19C900DAA795 /* CruzTests */,
			);
		};
/* End PBXProject section */

/* Begin PBXResourcesBuildPhase section */
		997292DA19EF19C800DAA795 /* Resources */ = {
			isa = PBXResourcesBuildPhase;
			buildActionMask = 2147483647;
			files = (
				997292EE19EF19C900DAA795 /* Main.storyboard in Resources */,
				997292F319EF19C900DAA795 /* LaunchScreen.xib in Resources */,
				997292F019EF19C900DAA795 /* Images.xcassets in Resources */,
			);
			runOnlyForDeploymentPostprocessing = 0;
		};
		997292F619EF19C900DAA795 /* Resources */ = {
			isa = PBXResourcesBuildPhase;
			buildActionMask = 2147483647;
			files = (
			);
			runOnlyForDeploymentPostprocessing = 0;
		};
/* End PBXResourcesBuildPhase section */

/* Begin PBXSourcesBuildPhase section */
		997292D819EF19C800DAA795 /* Sources */ = {
			isa = PBXSourcesBuildPhase;
			buildActionMask = 2147483647;
			files = (
				997292E519EF19C800DAA795 /* AppDelegate.m in Sources */,
				997292E219EF19C800DAA795 /* main.m in Sources */,
				997292EB19EF19C800DAA795 /* ViewController.m in Sources */,
				997292E819EF19C800DAA795 /* Cruz.xcdatamodeld in Sources */,
			);
			runOnlyForDeploymentPostprocessing = 0;
		};
		997292F419EF19C900DAA795 /* Sources */ = {
			isa = PBXSourcesBuildPhase;
			buildActionMask = 2147483647;
			files = (
				997292FF19EF19C900DAA795 /* CruzTests.m in Sources */,
			);
			runOnlyForDeploymentPostprocessing = 0;
		};
/* End PBXSourcesBuildPhase section */

/* Begin PBXTargetDependency section */
		997292FA19EF19C900DAA795 /* PBXTargetDependency */ = {
			isa = PBXTargetDependency;
			target = 997292DB19EF19C800DAA795 /* Cruz */;
			targetProxy = 997292F919EF19C900DAA795 /* PBXContainerItemProxy */;
		};
/* End PBXTargetDependency section */

/* Begin PBXVariantGroup section */
		997292EC19EF19C900DAA795 /* Main.storyboard */ = {
			isa = PBXVariantGroup;
			children = (
				997292ED19EF19C900DAA795 /* Base */,
			);
			name = Main.storyboard;
			sourceTree = "<group>";
		};
		997292F119EF19C900DAA795 /* LaunchScreen.xib */ = {
			isa = PBXVariantGroup;
			children = (
				997292F219EF19C900DAA795 /* Base */,
			);
			name = LaunchScreen.xib;
			sourceTree = "<group>";
		};
/* End PBXVariantGroup section */

/* Begin XCBuildConfiguration section */
		9972930019EF19C900DAA795 /* Debug */ = {
			isa = XCBuildConfiguration;
			buildSettings = {
				ALWAYS_SEARCH_USER_PATHS = NO;
				CLANG_CXX_LANGUAGE_STANDARD = "gnu++0x";
				CLANG_CXX_LIBRARY = "libc++";
				CLANG_ENABLE_MODULES = YES;
				CLANG_ENABLE_OBJC_ARC = YES;
				CLANG_WARN_BOOL_CONVERSION = YES;
				CLANG_WARN_CONSTANT_CONVERSION = YES;
				CLANG_WARN_DIRECT_OBJC_ISA_USAGE = YES_ERROR;
				CLANG_WARN_EMPTY_BODY = YES;
				CLANG_WARN_ENUM_CONVERSION = YES;
				CLANG_WARN_INT_CONVERSION = YES;
				CLANG_WARN_OBJC_ROOT_CLASS = YES_ERROR;
				CLANG_WARN_UNREACHABLE_CODE = YES;
				CLANG_WARN__DUPLICATE_METHOD_MATCH = YES;
				"CODE_SIGN_IDENTITY[sdk=iphoneos*]" = "iPhone Developer";
				COPY_PHASE_STRIP = NO;
				ENABLE_STRICT_OBJC_MSGSEND = YES;
				GCC_C_LANGUAGE_STANDARD = gnu99;
				GCC_DYNAMIC_NO_PIC = NO;
				GCC_OPTIMIZATION_LEVEL = 0;
				GCC_PREPROCESSOR_DEFINITIONS = (
					"DEBUG=1",
					"$(inherited)",
				);
				GCC_SYMBOLS_PRIVATE_EXTERN = NO;
				GCC_WARN_64_TO_32_BIT_CONVERSION = YES;
				GCC_WARN_ABOUT_RETURN_TYPE = YES_ERROR;
				GCC_WARN_UNDECLARED_SELECTOR = YES;
				GCC_WARN_UNINITIALIZED_AUTOS = YES_AGGRESSIVE;
				GCC_WARN_UNUSED_FUNCTION = YES;
				GCC_WARN_UNUSED_VARIABLE = YES;
				IPHONEOS_DEPLOYMENT_TARGET = 8.0;
				MTL_ENABLE_DEBUG_INFO = YES;
				ONLY_ACTIVE_ARCH = YES;
				SDKROOT = iphoneos;
			};
			name = Debug;
		};
		9972930119EF19C900DAA795 /* Release */ = {
			isa = XCBuildConfiguration;
			buildSettings = {
				ALWAYS_SEARCH_USER_PATHS = NO;
				CLANG_CXX_LANGUAGE_STANDARD = "gnu++0x";
				CLANG_CXX_LIBRARY = "libc++";
				CLANG_ENABLE_MODULES = YES;
				CLANG_ENABLE_OBJC_ARC = YES;
				CLANG_WARN_BOOL_CONVERSION = YES;
				CLANG_WARN_CONSTANT_CONVERSION = YES;
				CLANG_WARN_DIRECT_OBJC_ISA_USAGE = YES_ERROR;
				CLANG_WARN_EMPTY_BODY = YES;
				CLANG_WARN_ENUM_CONVERSION = YES;
				CLANG_WARN_INT_CONVERSION = YES;
				CLANG_WARN_OBJC_ROOT_CLASS = YES_ERROR;
				CLANG_WARN_UNREACHABLE_CODE = YES;
				CLANG_WARN__DUPLICATE_METHOD_MATCH = YES;
				"CODE_SIGN_IDENTITY[sdk=iphoneos*]" = "iPhone Developer";
				COPY_PHASE_STRIP = YES;
				ENABLE_NS_ASSERTIONS = NO;
				ENABLE_STRICT_OBJC_MSGSEND = YES;
				GCC_C_LANGUAGE_STANDARD = gnu99;
				GCC_WARN_64_TO_32_BIT_CONVERSION = YES;
				GCC_WARN_ABOUT_RETURN_TYPE = YES_ERROR;
				GCC_WARN_UNDECLARED_SELECTOR = YES;
				GCC_WARN_UNINITIALIZED_AUTOS = YES_AGGRESSIVE;
				GCC_WARN_UNUSED_FUNCTION = YES;
				GCC_WARN_UNUSED_VARIABLE = YES;
				IPHONEOS_DEPLOYMENT_TARGET = 8.0;
				MTL_ENABLE_DEBUG_INFO = NO;
				SDKROOT = iphoneos;
				VALIDATE_PRODUCT = YES;
			};
			name = Release;
		};
		9972930319EF19C900DAA795 /* Debug */ = {
			isa = XCBuildConfiguration;
			buildSettings = {
				ASSETCATALOG_COMPILER_APPICON_NAME = AppIcon;
				INFOPLIST_FILE = Cruz/Info.plist;
				LD_RUNPATH_SEARCH_PATHS = "$(inherited) @executable_path/Frameworks";
				PRODUCT_NAME = "$(TARGET_NAME)";
			};
			name = Debug;
		};
		9972930419EF19C900DAA795 /* Release */ = {
			isa = XCBuildConfiguration;
			buildSettings = {
				ASSETCATALOG_COMPILER_APPICON_NAME = AppIcon;
				INFOPLIST_FILE = Cruz/Info.plist;
				LD_RUNPATH_SEARCH_PATHS = "$(inherited) @executable_path/Frameworks";
				PRODUCT_NAME = "$(TARGET_NAME)";
			};
			name = Release;
		};
		9972930619EF19C900DAA795 /* Debug */ = {
			isa = XCBuildConfiguration;
			buildSettings = {
				BUNDLE_LOADER = "$(TEST_HOST)";
				FRAMEWORK_SEARCH_PATHS = (
					"$(SDKROOT)/Developer/Library/Frameworks",
					"$(inherited)",
				);
				GCC_PREPROCESSOR_DEFINITIONS = (
					"DEBUG=1",
					"$(inherited)",
				);
				INFOPLIST_FILE = CruzTests/Info.plist;
				LD_RUNPATH_SEARCH_PATHS = "$(inherited) @executable_path/Frameworks @loader_path/Frameworks";
				PRODUCT_NAME = "$(TARGET_NAME)";
				TEST_HOST = "$(BUILT_PRODUCTS_DIR)/Cruz.app/Cruz";
			};
			name = Debug;
		};
		9972930719EF19C900DAA795 /* Release */ = {
			isa = XCBuildConfiguration;
			buildSettings = {
				BUNDLE_LOADER = "$(TEST_HOST)";
				FRAMEWORK_SEARCH_PATHS = (
					"$(SDKROOT)/Developer/Library/Frameworks",
					"$(inherited)",
				);
				INFOPLIST_FILE = CruzTests/Info.plist;
				LD_RUNPATH_SEARCH_PATHS = "$(inherited) @executable_path/Frameworks @loader_path/Frameworks";
				PRODUCT_NAME = "$(TARGET_NAME)";
				TEST_HOST = "$(BUILT_PRODUCTS_DIR)/Cruz.app/Cruz";
			};
			name = Release;
		};
/* End XCBuildConfiguration section */

/* Begin XCConfigurationList section */
		997292D719EF19C800DAA795 /* Build configuration list for PBXProject "Cruz" */ = {
			isa = XCConfigurationList;
			buildConfigurations = (
				9972930019EF19C900DAA795 /* Debug */,
				9972930119EF19C900DAA795 /* Release */,
			);
			defaultConfigurationIsVisible = 0;
			defaultConfigurationName = Release;
		};
		9972930219EF19C900DAA795 /* Build configuration list for PBXNativeTarget "Cruz" */ = {
			isa = XCConfigurationList;
			buildConfigurations = (
				9972930319EF19C900DAA795 /* Debug */,
				9972930419EF19C900DAA795 /* Release */,
			);
			defaultConfigurationIsVisible = 0;
		};
		9972930519EF19C900DAA795 /* Build configuration list for PBXNativeTarget "CruzTests" */ = {
			isa = XCConfigurationList;
			buildConfigurations = (
				9972930619EF19C900DAA795 /* Debug */,
				9972930719EF19C900DAA795 /* Release */,
			);
			defaultConfigurationIsVisible = 0;
		};
/* End XCConfigurationList section */

/* Begin XCVersionGroup section */
		997292E619EF19C800DAA795 /* Cruz.xcdatamodeld */ = {
			isa = XCVersionGroup;
			children = (
				997292E719EF19C800DAA795 /* Cruz.xcdatamodel */,
			);
			currentVersion = 997292E719EF19C800DAA795 /* Cruz.xcdatamodel */;
			path = Cruz.xcdatamodeld;
			sourceTree = "<group>";
			versionGroupType = wrapper.xcdatamodel;
		};
/* End XCVersionGroup section */
	};
	rootObject = 997292D419EF19C800DAA795 /* Project object */;
}
